
Microsoft Visual Studio Solution File, Format Version 12.00
# Visual Studio 15
VisualStudioVersion = 15.0.28307.705
MinimumVisualStudioVersion = 10.0.40219.1
Project("{FAE04EC0-301F-11D3-BF4B-00C04F79EFBC}") = "BigProject", "BigProject\BigProject.csproj", "{88F930E2-3362-41CE-835F-6A29261C60E1}"
EndProject
Global
	GlobalSection(SolutionConfigurationPlatforms) = preSolution
		Debug|Any CPU = Debug|Any CPU
		Release|Any CPU = Release|Any CPU
	EndGlobalSection
	GlobalSection(ProjectConfigurationPlatforms) = postSolution
		{88F930E2-3362-41CE-835F-6A29261C60E1}.Debug|Any CPU.ActiveCfg = Debug|Any CPU
		{88F930E2-3362-41CE-835F-6A29261C60E1}.Debug|Any CPU.Build.0 = Debug|Any CPU
		{88F930E2-3362-41CE-835F-6A29261C60E1}.Release|Any CPU.ActiveCfg = Release|Any CPU
		{88F930E2-3362-41CE-835F-6A29261C60E1}.Release|Any CPU.Build.0 = Release|Any CPU
	EndGlobalSection
	GlobalSection(SolutionProperties) = preSolution
		HideSolutionNode = FALSE
	EndGlobalSection
	GlobalSection(ExtensibilityGlobals) = postSolution
		SolutionGuid = {AA7E0D0C-7454-4FBB-9643-318DE4455029}
	EndGlobalSection
EndGlobal
